
Microsoft Visual Studio Solution File, Format Version 12.00
# Visual Studio Version 16
VisualStudioVersion = 16.0.32802.440
MinimumVisualStudioVersion = 10.0.40219.1
Project("{8BC9CEB8-8B4A-11D0-8D11-00A0C91BC942}") = "protocol", "protocol\protocol1.vcxproj", "{28AD8A8D-BAB2-4142-BEA0-8385DFB0E1C7}"
EndProject
Project("{8BC9CEB8-8B4A-11D0-8D11-00A0C91BC942}") = "protocoltest", "protocoltest\protocoltest1.vcxproj", "{36A07CF9-4798-4489-AF5A-DE43B425B6DA}"
EndProject
Project("{8BC9CEB8-8B4A-11D0-8D11-00A0C91BC942}") = "CoreLib", "CoreLib\CoreLib.vcxproj", "{FB267534-BCA5-4065-BF04-45306324E4F5}"
EndProject
Project("{8BC9CEB8-8B4A-11D0-8D11-00A0C91BC942}") = "netlib", "netlib\netlib.vcxproj", "{2CCF4D93-27C1-4F01-8413-9A4B4B43D2EC}"
EndProject
Project("{8BC9CEB8-8B4A-11D0-8D11-00A0C91BC942}") = "utils", "utils\utils.vcxproj", "{E0AA040B-9DC3-4525-AA56-587B9BED2AEF}"
EndProject
Project("{8BC9CEB8-8B4A-11D0-8D11-00A0C91BC942}") = "monitor", "monitor\monitor.vcxproj", "{8F00063F-ACCE-4B6E-8034-A2A1E83C8E54}"
EndProject
Project("{8BC9CEB8-8B4A-11D0-8D11-00A0C91BC942}") = "vvv", "vvv\vvv.vcxproj", "{69DFB0FC-25E9-4257-A40E-93B11CD5D83E}"
EndProject
Project("{8BC9CEB8-8B4A-11D0-8D11-00A0C91BC942}") = "test", "test\test.vcxproj", "{39F7CD62-7C08-41FE-8CEF-870438BA63AF}"
EndProject
Project("{8BC9CEB8-8B4A-11D0-8D11-00A0C91BC942}") = "server_login", "server_login\server_login.vcxproj", "{989C925F-958D-4433-8A6C-D70836D076D3}"
EndProject
Project("{8BC9CEB8-8B4A-11D0-8D11-00A0C91BC942}") = "server_gate", "server_gate\server_gate.vcxproj", "{87551390-051D-4A36-93DC-C957141DE2F1}"
EndProject
Project("{8BC9CEB8-8B4A-11D0-8D11-00A0C91BC942}") = "server_hall", "server_hall\server_hall.vcxproj", "{44E345A9-7C20-45CD-A8D5-4806EE2DE9C8}"
EndProject
Project("{8BC9CEB8-8B4A-11D0-8D11-00A0C91BC942}") = "server_world", "server_world\server_world.vcxproj", "{906827A6-F5E2-4C9B-BF93-2A4EE1FEB16A}"
EndProject
Global
	GlobalSection(SolutionConfigurationPlatforms) = preSolution
		Debug|x64 = Debug|x64
		Debug|x86 = Debug|x86
		Release|x64 = Release|x64
		Release|x86 = Release|x86
	EndGlobalSection
	GlobalSection(ProjectConfigurationPlatforms) = postSolution
		{28AD8A8D-BAB2-4142-BEA0-8385DFB0E1C7}.Debug|x64.ActiveCfg = Debug|x64
		{28AD8A8D-BAB2-4142-BEA0-8385DFB0E1C7}.Debug|x64.Build.0 = Debug|x64
		{28AD8A8D-BAB2-4142-BEA0-8385DFB0E1C7}.Debug|x86.ActiveCfg = Debug|Win32
		{28AD8A8D-BAB2-4142-BEA0-8385DFB0E1C7}.Debug|x86.Build.0 = Debug|Win32
		{28AD8A8D-BAB2-4142-BEA0-8385DFB0E1C7}.Release|x64.ActiveCfg = Release|x64
		{28AD8A8D-BAB2-4142-BEA0-8385DFB0E1C7}.Release|x64.Build.0 = Release|x64
		{28AD8A8D-BAB2-4142-BEA0-8385DFB0E1C7}.Release|x86.ActiveCfg = Release|Win32
		{28AD8A8D-BAB2-4142-BEA0-8385DFB0E1C7}.Release|x86.Build.0 = Release|Win32
		{36A07CF9-4798-4489-AF5A-DE43B425B6DA}.Debug|x64.ActiveCfg = Debug|x64
		{36A07CF9-4798-4489-AF5A-DE43B425B6DA}.Debug|x64.Build.0 = Debug|x64
		{36A07CF9-4798-4489-AF5A-DE43B425B6DA}.Debug|x86.ActiveCfg = Debug|Win32
		{36A07CF9-4798-4489-AF5A-DE43B425B6DA}.Debug|x86.Build.0 = Debug|Win32
		{36A07CF9-4798-4489-AF5A-DE43B425B6DA}.Release|x64.ActiveCfg = Release|x64
		{36A07CF9-4798-4489-AF5A-DE43B425B6DA}.Release|x64.Build.0 = Release|x64
		{36A07CF9-4798-4489-AF5A-DE43B425B6DA}.Release|x86.ActiveCfg = Release|Win32
		{36A07CF9-4798-4489-AF5A-DE43B425B6DA}.Release|x86.Build.0 = Release|Win32
		{FB267534-BCA5-4065-BF04-45306324E4F5}.Debug|x64.ActiveCfg = Debug|x64
		{FB267534-BCA5-4065-BF04-45306324E4F5}.Debug|x64.Build.0 = Debug|x64
		{FB267534-BCA5-4065-BF04-45306324E4F5}.Debug|x86.ActiveCfg = Debug|Win32
		{FB267534-BCA5-4065-BF04-45306324E4F5}.Debug|x86.Build.0 = Debug|Win32
		{FB267534-BCA5-4065-BF04-45306324E4F5}.Release|x64.ActiveCfg = Release|x64
		{FB267534-BCA5-4065-BF04-45306324E4F5}.Release|x64.Build.0 = Release|x64
		{FB267534-BCA5-4065-BF04-45306324E4F5}.Release|x86.ActiveCfg = Release|Win32
		{FB267534-BCA5-4065-BF04-45306324E4F5}.Release|x86.Build.0 = Release|Win32
		{2CCF4D93-27C1-4F01-8413-9A4B4B43D2EC}.Debug|x64.ActiveCfg = Debug|x64
		{2CCF4D93-27C1-4F01-8413-9A4B4B43D2EC}.Debug|x64.Build.0 = Debug|x64
		{2CCF4D93-27C1-4F01-8413-9A4B4B43D2EC}.Debug|x86.ActiveCfg = Debug|Win32
		{2CCF4D93-27C1-4F01-8413-9A4B4B43D2EC}.Debug|x86.Build.0 = Debug|Win32
		{2CCF4D93-27C1-4F01-8413-9A4B4B43D2EC}.Release|x64.ActiveCfg = Release|x64
		{2CCF4D93-27C1-4F01-8413-9A4B4B43D2EC}.Release|x64.Build.0 = Release|x64
		{2CCF4D93-27C1-4F01-8413-9A4B4B43D2EC}.Release|x86.ActiveCfg = Release|Win32
		{2CCF4D93-27C1-4F01-8413-9A4B4B43D2EC}.Release|x86.Build.0 = Release|Win32
		{E0AA040B-9DC3-4525-AA56-587B9BED2AEF}.Debug|x64.ActiveCfg = Debug|x64
		{E0AA040B-9DC3-4525-AA56-587B9BED2AEF}.Debug|x64.Build.0 = Debug|x64
		{E0AA040B-9DC3-4525-AA56-587B9BED2AEF}.Debug|x86.ActiveCfg = Debug|Win32
		{E0AA040B-9DC3-4525-AA56-587B9BED2AEF}.Debug|x86.Build.0 = Debug|Win32
		{E0AA040B-9DC3-4525-AA56-587B9BED2AEF}.Release|x64.ActiveCfg = Release|x64
		{E0AA040B-9DC3-4525-AA56-587B9BED2AEF}.Release|x64.Build.0 = Release|x64
		{E0AA040B-9DC3-4525-AA56-587B9BED2AEF}.Release|x86.ActiveCfg = Release|Win32
		{E0AA040B-9DC3-4525-AA56-587B9BED2AEF}.Release|x86.Build.0 = Release|Win32
		{8F00063F-ACCE-4B6E-8034-A2A1E83C8E54}.Debug|x64.ActiveCfg = Debug|x64
		{8F00063F-ACCE-4B6E-8034-A2A1E83C8E54}.Debug|x64.Build.0 = Debug|x64
		{8F00063F-ACCE-4B6E-8034-A2A1E83C8E54}.Debug|x86.ActiveCfg = Debug|Win32
		{8F00063F-ACCE-4B6E-8034-A2A1E83C8E54}.Debug|x86.Build.0 = Debug|Win32
		{8F00063F-ACCE-4B6E-8034-A2A1E83C8E54}.Release|x64.ActiveCfg = Release|x64
		{8F00063F-ACCE-4B6E-8034-A2A1E83C8E54}.Release|x64.Build.0 = Release|x64
		{8F00063F-ACCE-4B6E-8034-A2A1E83C8E54}.Release|x86.ActiveCfg = Release|Win32
		{8F00063F-ACCE-4B6E-8034-A2A1E83C8E54}.Release|x86.Build.0 = Release|Win32
		{69DFB0FC-25E9-4257-A40E-93B11CD5D83E}.Debug|x64.ActiveCfg = Debug|x64
		{69DFB0FC-25E9-4257-A40E-93B11CD5D83E}.Debug|x64.Build.0 = Debug|x64
		{69DFB0FC-25E9-4257-A40E-93B11CD5D83E}.Debug|x86.ActiveCfg = Debug|Win32
		{69DFB0FC-25E9-4257-A40E-93B11CD5D83E}.Debug|x86.Build.0 = Debug|Win32
		{69DFB0FC-25E9-4257-A40E-93B11CD5D83E}.Release|x64.ActiveCfg = Release|x64
		{69DFB0FC-25E9-4257-A40E-93B11CD5D83E}.Release|x64.Build.0 = Release|x64
		{69DFB0FC-25E9-4257-A40E-93B11CD5D83E}.Release|x86.ActiveCfg = Release|Win32
		{69DFB0FC-25E9-4257-A40E-93B11CD5D83E}.Release|x86.Build.0 = Release|Win32
		{39F7CD62-7C08-41FE-8CEF-870438BA63AF}.Debug|x64.ActiveCfg = Debug|x64
		{39F7CD62-7C08-41FE-8CEF-870438BA63AF}.Debug|x64.Build.0 = Debug|x64
		{39F7CD62-7C08-41FE-8CEF-870438BA63AF}.Debug|x86.ActiveCfg = Debug|Win32
		{39F7CD62-7C08-41FE-8CEF-870438BA63AF}.Debug|x86.Build.0 = Debug|Win32
		{39F7CD62-7C08-41FE-8CEF-870438BA63AF}.Release|x64.ActiveCfg = Release|x64
		{39F7CD62-7C08-41FE-8CEF-870438BA63AF}.Release|x64.Build.0 = Release|x64
		{39F7CD62-7C08-41FE-8CEF-870438BA63AF}.Release|x86.ActiveCfg = Release|Win32
		{39F7CD62-7C08-41FE-8CEF-870438BA63AF}.Release|x86.Build.0 = Release|Win32
		{989C925F-958D-4433-8A6C-D70836D076D3}.Debug|x64.ActiveCfg = Debug|x64
		{989C925F-958D-4433-8A6C-D70836D076D3}.Debug|x64.Build.0 = Debug|x64
		{989C925F-958D-4433-8A6C-D70836D076D3}.Debug|x86.ActiveCfg = Debug|Win32
		{989C925F-958D-4433-8A6C-D70836D076D3}.Debug|x86.Build.0 = Debug|Win32
		{989C925F-958D-4433-8A6C-D70836D076D3}.Release|x64.ActiveCfg = Release|x64
		{989C925F-958D-4433-8A6C-D70836D076D3}.Release|x64.Build.0 = Release|x64
		{989C925F-958D-4433-8A6C-D70836D076D3}.Release|x86.ActiveCfg = Release|Win32
		{989C925F-958D-4433-8A6C-D70836D076D3}.Release|x86.Build.0 = Release|Win32
		{87551390-051D-4A36-93DC-C957141DE2F1}.Debug|x64.ActiveCfg = Debug|x64
		{87551390-051D-4A36-93DC-C957141DE2F1}.Debug|x64.Build.0 = Debug|x64
		{87551390-051D-4A36-93DC-C957141DE2F1}.Debug|x86.ActiveCfg = Debug|Win32
		{87551390-051D-4A36-93DC-C957141DE2F1}.Debug|x86.Build.0 = Debug|Win32
		{87551390-051D-4A36-93DC-C957141DE2F1}.Release|x64.ActiveCfg = Release|x64
		{87551390-051D-4A36-93DC-C957141DE2F1}.Release|x64.Build.0 = Release|x64
		{87551390-051D-4A36-93DC-C957141DE2F1}.Release|x86.ActiveCfg = Release|Win32
		{87551390-051D-4A36-93DC-C957141DE2F1}.Release|x86.Build.0 = Release|Win32
		{44E345A9-7C20-45CD-A8D5-4806EE2DE9C8}.Debug|x64.ActiveCfg = Debug|x64
		{44E345A9-7C20-45CD-A8D5-4806EE2DE9C8}.Debug|x64.Build.0 = Debug|x64
		{44E345A9-7C20-45CD-A8D5-4806EE2DE9C8}.Debug|x86.ActiveCfg = Debug|Win32
		{44E345A9-7C20-45CD-A8D5-4806EE2DE9C8}.Debug|x86.Build.0 = Debug|Win32
		{44E345A9-7C20-45CD-A8D5-4806EE2DE9C8}.Release|x64.ActiveCfg = Release|x64
		{44E345A9-7C20-45CD-A8D5-4806EE2DE9C8}.Release|x64.Build.0 = Release|x64
		{44E345A9-7C20-45CD-A8D5-4806EE2DE9C8}.Release|x86.ActiveCfg = Release|Win32
		{44E345A9-7C20-45CD-A8D5-4806EE2DE9C8}.Release|x86.Build.0 = Release|Win32
		{906827A6-F5E2-4C9B-BF93-2A4EE1FEB16A}.Debug|x64.ActiveCfg = Debug|x64
		{906827A6-F5E2-4C9B-BF93-2A4EE1FEB16A}.Debug|x64.Build.0 = Debug|x64
		{906827A6-F5E2-4C9B-BF93-2A4EE1FEB16A}.Debug|x86.ActiveCfg = Debug|Win32
		{906827A6-F5E2-4C9B-BF93-2A4EE1FEB16A}.Debug|x86.Build.0 = Debug|Win32
		{906827A6-F5E2-4C9B-BF93-2A4EE1FEB16A}.Release|x64.ActiveCfg = Release|x64
		{906827A6-F5E2-4C9B-BF93-2A4EE1FEB16A}.Release|x64.Build.0 = Release|x64
		{906827A6-F5E2-4C9B-BF93-2A4EE1FEB16A}.Release|x86.ActiveCfg = Release|Win32
		{906827A6-F5E2-4C9B-BF93-2A4EE1FEB16A}.Release|x86.Build.0 = Release|Win32
	EndGlobalSection
	GlobalSection(SolutionProperties) = preSolution
		HideSolutionNode = FALSE
	EndGlobalSection
	GlobalSection(ExtensibilityGlobals) = postSolution
		SolutionGuid = {3CBCF33A-1C81-4A4D-A880-F87C9F55E6C4}
	EndGlobalSection
EndGlobal
