
Microsoft Visual Studio Solution File, Format Version 12.00
# Visual Studio Version 16
VisualStudioVersion = 16.0.30128.74
MinimumVisualStudioVersion = 10.0.40219.1
Project("{8BC9CEB8-8B4A-11D0-8D11-00A0C91BC942}") = "test", "test\test.vcxproj", "{012A0505-1115-45A2-9FF2-D2E8A639FD74}"
EndProject
Project("{8BC9CEB8-8B4A-11D0-8D11-00A0C91BC942}") = "lua", "lua-5_1_4\lua.vcxproj", "{79D57980-62A7-469B-A3BD-37EBC0907F7E}"
EndProject
Global
	GlobalSection(SolutionConfigurationPlatforms) = preSolution
		Debug|x64 = Debug|x64
		Debug|x86 = Debug|x86
		MinSizeRel|x64 = MinSizeRel|x64
		MinSizeRel|x86 = MinSizeRel|x86
		Release|x64 = Release|x64
		Release|x86 = Release|x86
		RelWithDebInfo|x64 = RelWithDebInfo|x64
		RelWithDebInfo|x86 = RelWithDebInfo|x86
	EndGlobalSection
	GlobalSection(ProjectConfigurationPlatforms) = postSolution
		{012A0505-1115-45A2-9FF2-D2E8A639FD74}.Debug|x64.ActiveCfg = Debug|x64
		{012A0505-1115-45A2-9FF2-D2E8A639FD74}.Debug|x64.Build.0 = Debug|x64
		{012A0505-1115-45A2-9FF2-D2E8A639FD74}.Debug|x86.ActiveCfg = Debug|Win32
		{012A0505-1115-45A2-9FF2-D2E8A639FD74}.Debug|x86.Build.0 = Debug|Win32
		{012A0505-1115-45A2-9FF2-D2E8A639FD74}.MinSizeRel|x64.ActiveCfg = Release|x64
		{012A0505-1115-45A2-9FF2-D2E8A639FD74}.MinSizeRel|x64.Build.0 = Release|x64
		{012A0505-1115-45A2-9FF2-D2E8A639FD74}.MinSizeRel|x86.ActiveCfg = Release|Win32
		{012A0505-1115-45A2-9FF2-D2E8A639FD74}.MinSizeRel|x86.Build.0 = Release|Win32
		{012A0505-1115-45A2-9FF2-D2E8A639FD74}.Release|x64.ActiveCfg = Release|x64
		{012A0505-1115-45A2-9FF2-D2E8A639FD74}.Release|x64.Build.0 = Release|x64
		{012A0505-1115-45A2-9FF2-D2E8A639FD74}.Release|x86.ActiveCfg = Release|Win32
		{012A0505-1115-45A2-9FF2-D2E8A639FD74}.Release|x86.Build.0 = Release|Win32
		{012A0505-1115-45A2-9FF2-D2E8A639FD74}.RelWithDebInfo|x64.ActiveCfg = Release|x64
		{012A0505-1115-45A2-9FF2-D2E8A639FD74}.RelWithDebInfo|x64.Build.0 = Release|x64
		{012A0505-1115-45A2-9FF2-D2E8A639FD74}.RelWithDebInfo|x86.ActiveCfg = Release|Win32
		{012A0505-1115-45A2-9FF2-D2E8A639FD74}.RelWithDebInfo|x86.Build.0 = Release|Win32
		{79D57980-62A7-469B-A3BD-37EBC0907F7E}.Debug|x64.ActiveCfg = Debug|x64
		{79D57980-62A7-469B-A3BD-37EBC0907F7E}.Debug|x64.Build.0 = Debug|x64
		{79D57980-62A7-469B-A3BD-37EBC0907F7E}.Debug|x86.ActiveCfg = Debug|Win32
		{79D57980-62A7-469B-A3BD-37EBC0907F7E}.Debug|x86.Build.0 = Debug|Win32
		{79D57980-62A7-469B-A3BD-37EBC0907F7E}.MinSizeRel|x64.ActiveCfg = Debug|x64
		{79D57980-62A7-469B-A3BD-37EBC0907F7E}.MinSizeRel|x64.Build.0 = Debug|x64
		{79D57980-62A7-469B-A3BD-37EBC0907F7E}.MinSizeRel|x86.ActiveCfg = Debug|Win32
		{79D57980-62A7-469B-A3BD-37EBC0907F7E}.MinSizeRel|x86.Build.0 = Debug|Win32
		{79D57980-62A7-469B-A3BD-37EBC0907F7E}.Release|x64.ActiveCfg = Release|x64
		{79D57980-62A7-469B-A3BD-37EBC0907F7E}.Release|x64.Build.0 = Release|x64
		{79D57980-62A7-469B-A3BD-37EBC0907F7E}.Release|x86.ActiveCfg = Release|Win32
		{79D57980-62A7-469B-A3BD-37EBC0907F7E}.Release|x86.Build.0 = Release|Win32
		{79D57980-62A7-469B-A3BD-37EBC0907F7E}.RelWithDebInfo|x64.ActiveCfg = Release|x64
		{79D57980-62A7-469B-A3BD-37EBC0907F7E}.RelWithDebInfo|x64.Build.0 = Release|x64
		{79D57980-62A7-469B-A3BD-37EBC0907F7E}.RelWithDebInfo|x86.ActiveCfg = Release|Win32
		{79D57980-62A7-469B-A3BD-37EBC0907F7E}.RelWithDebInfo|x86.Build.0 = Release|Win32
	EndGlobalSection
	GlobalSection(SolutionProperties) = preSolution
		HideSolutionNode = FALSE
	EndGlobalSection
	GlobalSection(ExtensibilityGlobals) = postSolution
		SolutionGuid = {6C9F14D4-E786-436B-8E2B-EC53AFA6FEB0}
	EndGlobalSection
EndGlobal
