
Microsoft Visual Studio Solution File, Format Version 12.00
# Visual Studio Version 17
VisualStudioVersion = 17.14.36401.2
MinimumVisualStudioVersion = 10.0.40219.1
Project("{8BC9CEB8-8B4A-11D0-8D11-00A0C91BC942}") = "opengltest", "opengltest\opengltest.vcxproj", "{441ABCF6-EEB1-4559-90C3-9F0AABCA58AD}"
EndProject
Project("{8BC9CEB8-8B4A-11D0-8D11-00A0C91BC942}") = "glew_static", "..\3rd\glew-2.2.0\bbb\vc15\glew_static.vcxproj", "{664E6F0D-6784-4760-9565-D54F8EB1EDF4}"
EndProject
Project("{8BC9CEB8-8B4A-11D0-8D11-00A0C91BC942}") = "glfw", "..\3rd\glfw\bbb\src\glfw.vcxproj", "{930AB74B-27F7-3410-8A83-7EFFF6D5B920}"
EndProject
Project("{8BC9CEB8-8B4A-11D0-8D11-00A0C91BC942}") = "assimp", "..\3rd\assimp\bbb\code\assimp.vcxproj", "{7F76A488-70F6-383E-8290-9BCE7C4F849E}"
EndProject
Project("{8BC9CEB8-8B4A-11D0-8D11-00A0C91BC942}") = "zlibstatic", "..\3rd\assimp\bbb\contrib\zlib\zlibstatic.vcxproj", "{C39B716A-CA5A-3745-A67C-3311A3AFFDB1}"
EndProject
Global
	GlobalSection(SolutionConfigurationPlatforms) = preSolution
		Debug|x64 = Debug|x64
		Debug|x86 = Debug|x86
		Release|x64 = Release|x64
		Release|x86 = Release|x86
	EndGlobalSection
	GlobalSection(ProjectConfigurationPlatforms) = postSolution
		{441ABCF6-EEB1-4559-90C3-9F0AABCA58AD}.Debug|x64.ActiveCfg = Debug|x64
		{441ABCF6-EEB1-4559-90C3-9F0AABCA58AD}.Debug|x64.Build.0 = Debug|x64
		{441ABCF6-EEB1-4559-90C3-9F0AABCA58AD}.Debug|x86.ActiveCfg = Debug|Win32
		{441ABCF6-EEB1-4559-90C3-9F0AABCA58AD}.Debug|x86.Build.0 = Debug|Win32
		{441ABCF6-EEB1-4559-90C3-9F0AABCA58AD}.Release|x64.ActiveCfg = Release|x64
		{441ABCF6-EEB1-4559-90C3-9F0AABCA58AD}.Release|x64.Build.0 = Release|x64
		{441ABCF6-EEB1-4559-90C3-9F0AABCA58AD}.Release|x86.ActiveCfg = Release|Win32
		{441ABCF6-EEB1-4559-90C3-9F0AABCA58AD}.Release|x86.Build.0 = Release|Win32
		{664E6F0D-6784-4760-9565-D54F8EB1EDF4}.Debug|x64.ActiveCfg = Debug|x64
		{664E6F0D-6784-4760-9565-D54F8EB1EDF4}.Debug|x64.Build.0 = Debug|x64
		{664E6F0D-6784-4760-9565-D54F8EB1EDF4}.Debug|x86.ActiveCfg = Debug|Win32
		{664E6F0D-6784-4760-9565-D54F8EB1EDF4}.Debug|x86.Build.0 = Debug|Win32
		{664E6F0D-6784-4760-9565-D54F8EB1EDF4}.Release|x64.ActiveCfg = Release|x64
		{664E6F0D-6784-4760-9565-D54F8EB1EDF4}.Release|x64.Build.0 = Release|x64
		{664E6F0D-6784-4760-9565-D54F8EB1EDF4}.Release|x86.ActiveCfg = Release|Win32
		{664E6F0D-6784-4760-9565-D54F8EB1EDF4}.Release|x86.Build.0 = Release|Win32
		{930AB74B-27F7-3410-8A83-7EFFF6D5B920}.Debug|x64.ActiveCfg = Debug|x64
		{930AB74B-27F7-3410-8A83-7EFFF6D5B920}.Debug|x64.Build.0 = Debug|x64
		{930AB74B-27F7-3410-8A83-7EFFF6D5B920}.Debug|x86.ActiveCfg = Debug|x64
		{930AB74B-27F7-3410-8A83-7EFFF6D5B920}.Debug|x86.Build.0 = Debug|x64
		{930AB74B-27F7-3410-8A83-7EFFF6D5B920}.Release|x64.ActiveCfg = Release|x64
		{930AB74B-27F7-3410-8A83-7EFFF6D5B920}.Release|x64.Build.0 = Release|x64
		{930AB74B-27F7-3410-8A83-7EFFF6D5B920}.Release|x86.ActiveCfg = Release|x64
		{930AB74B-27F7-3410-8A83-7EFFF6D5B920}.Release|x86.Build.0 = Release|x64
		{7F76A488-70F6-383E-8290-9BCE7C4F849E}.Debug|x64.ActiveCfg = Debug|x64
		{7F76A488-70F6-383E-8290-9BCE7C4F849E}.Debug|x64.Build.0 = Debug|x64
		{7F76A488-70F6-383E-8290-9BCE7C4F849E}.Debug|x86.ActiveCfg = Debug|x64
		{7F76A488-70F6-383E-8290-9BCE7C4F849E}.Debug|x86.Build.0 = Debug|x64
		{7F76A488-70F6-383E-8290-9BCE7C4F849E}.Release|x64.ActiveCfg = Release|x64
		{7F76A488-70F6-383E-8290-9BCE7C4F849E}.Release|x64.Build.0 = Release|x64
		{7F76A488-70F6-383E-8290-9BCE7C4F849E}.Release|x86.ActiveCfg = Release|x64
		{7F76A488-70F6-383E-8290-9BCE7C4F849E}.Release|x86.Build.0 = Release|x64
		{C39B716A-CA5A-3745-A67C-3311A3AFFDB1}.Debug|x64.ActiveCfg = Debug|x64
		{C39B716A-CA5A-3745-A67C-3311A3AFFDB1}.Debug|x64.Build.0 = Debug|x64
		{C39B716A-CA5A-3745-A67C-3311A3AFFDB1}.Debug|x86.ActiveCfg = Debug|x64
		{C39B716A-CA5A-3745-A67C-3311A3AFFDB1}.Debug|x86.Build.0 = Debug|x64
		{C39B716A-CA5A-3745-A67C-3311A3AFFDB1}.Release|x64.ActiveCfg = Release|x64
		{C39B716A-CA5A-3745-A67C-3311A3AFFDB1}.Release|x64.Build.0 = Release|x64
		{C39B716A-CA5A-3745-A67C-3311A3AFFDB1}.Release|x86.ActiveCfg = Release|x64
		{C39B716A-CA5A-3745-A67C-3311A3AFFDB1}.Release|x86.Build.0 = Release|x64
	EndGlobalSection
	GlobalSection(SolutionProperties) = preSolution
		HideSolutionNode = FALSE
	EndGlobalSection
	GlobalSection(ExtensibilityGlobals) = postSolution
		SolutionGuid = {F2F7C4D2-DB30-4093-97D2-D7414E3D8CC2}
	EndGlobalSection
EndGlobal
